{
  "name": "auth",
  "version": "1.0.0",
  "lockfileVersion": 1,
  "requires": true,
  "dependencies": {
    "js-tokens": {
      "version": "4.0.0",
      "resolved": "https://a0us.jfrog.io/a0us/api/npm/npm/js-tokens/-/js-tokens-4.0.0.tgz",
      "integrity": "sha1-GSA/tZmR35jjoocFDUZHzerzJJk="
    },
    "loose-envify": {
      "version": "1.4.0",
      "resolved": "https://a0us.jfrog.io/a0us/api/npm/npm/loose-envify/-/loose-envify-1.4.0.tgz",
      "integrity": "sha1-ce5R+nvkyuwaY4OffmgtgTLTDK8=",
      "requires": {
        "js-tokens": "^3.0.0 || ^4.0.0"
      }
    },
    "nostalgie": {
      "version": "file:../../dist",
      "requires": {
        "@antfu/shiki": "^0.6.2",
        "chokidar": "^3.5.1",
        "esbuild": "^0.8.33"
      },
      "dependencies": {
        "@antfu/shiki": {
          "version": "0.6.2",
          "resolved": "https://a0us.jfrog.io/a0us/api/npm/npm/@antfu/shiki/-/shiki-0.6.2.tgz",
          "integrity": "sha1-kUib/cr64LoVyRSjZ9IVszAtsiM=",
          "requires": {
            "onigasm": "^2.2.5",
            "vscode-textmate": "^5.2.0"
          }
        },
        "anymatch": {
          "version": "3.1.1",
          "resolved": "https://a0us.jfrog.io/a0us/api/npm/npm/anymatch/-/anymatch-3.1.1.tgz",
          "integrity": "sha1-xV7PAhheJGklk5kxDBc84xIzsUI=",
          "requires": {
            "normalize-path": "^3.0.0",
            "picomatch": "^2.0.4"
          }
        },
        "binary-extensions": {
          "version": "2.2.0",
          "resolved": "https://a0us.jfrog.io/a0us/api/npm/npm/binary-extensions/-/binary-extensions-2.2.0.tgz",
          "integrity": "sha1-dfUC7q+f/eQvyYgpZFvk6na9ni0="
        },
        "braces": {
          "version": "3.0.2",
          "resolved": "https://a0us.jfrog.io/a0us/api/npm/npm/braces/-/braces-3.0.2.tgz",
          "integrity": "sha1-NFThpGLujVmeI23zNs2epPiv4Qc=",
          "requires": {
            "fill-range": "^7.0.1"
          }
        },
        "chokidar": {
          "version": "3.5.1",
          "resolved": "https://a0us.jfrog.io/a0us/api/npm/npm/chokidar/-/chokidar-3.5.1.tgz",
          "integrity": "sha1-7pznu+vSt59J8wR5nVRo4x4U5oo=",
          "requires": {
            "anymatch": "~3.1.1",
            "braces": "~3.0.2",
            "fsevents": "~2.3.1",
            "glob-parent": "~5.1.0",
            "is-binary-path": "~2.1.0",
            "is-glob": "~4.0.1",
            "normalize-path": "~3.0.0",
            "readdirp": "~3.5.0"
          }
        },
        "esbuild": {
          "version": "0.8.34",
          "resolved": "https://a0us.jfrog.io/a0us/api/npm/npm/esbuild/-/esbuild-0.8.34.tgz",
          "integrity": "sha1-FrSsWPdMgh0sWowvBYXKlqOKtOY="
        },
        "fill-range": {
          "version": "7.0.1",
          "resolved": "https://a0us.jfrog.io/a0us/api/npm/npm/fill-range/-/fill-range-7.0.1.tgz",
          "integrity": "sha1-GRmmp8df44ssfHflGYU12prN2kA=",
          "requires": {
            "to-regex-range": "^5.0.1"
          }
        },
        "fsevents": {
          "version": "2.3.1",
          "resolved": "https://a0us.jfrog.io/a0us/api/npm/npm/fsevents/-/fsevents-2.3.1.tgz",
          "integrity": "sha1-sgmrFMYQEmNsiGNQft9/tozFTp8=",
          "optional": true
        },
        "glob-parent": {
          "version": "5.1.1",
          "resolved": "https://a0us.jfrog.io/a0us/api/npm/npm/glob-parent/-/glob-parent-5.1.1.tgz",
          "integrity": "sha1-tsHvQXxOVmPqSY8cRa+saRa7wik=",
          "requires": {
            "is-glob": "^4.0.1"
          }
        },
        "is-binary-path": {
          "version": "2.1.0",
          "resolved": "https://a0us.jfrog.io/a0us/api/npm/npm/is-binary-path/-/is-binary-path-2.1.0.tgz",
          "integrity": "sha1-6h9/O4DwZCNug0cPhsCcJU+0Wwk=",
          "requires": {
            "binary-extensions": "^2.0.0"
          }
        },
        "is-extglob": {
          "version": "2.1.1",
          "resolved": "https://a0us.jfrog.io/a0us/api/npm/npm/is-extglob/-/is-extglob-2.1.1.tgz",
          "integrity": "sha1-qIwCU1eR8C7TfHahueqXc8gz+MI="
        },
        "is-glob": {
          "version": "4.0.1",
          "resolved": "https://a0us.jfrog.io/a0us/api/npm/npm/is-glob/-/is-glob-4.0.1.tgz",
          "integrity": "sha1-dWfb6fL14kZ7x3q4PEopSCQHpdw=",
          "requires": {
            "is-extglob": "^2.1.1"
          }
        },
        "is-number": {
          "version": "7.0.0",
          "resolved": "https://a0us.jfrog.io/a0us/api/npm/npm/is-number/-/is-number-7.0.0.tgz",
          "integrity": "sha1-dTU0W4lnNNX4DE0GxQlVUnoU8Ss="
        },
        "lru-cache": {
          "version": "5.1.1",
          "resolved": "https://a0us.jfrog.io/a0us/api/npm/npm/lru-cache/-/lru-cache-5.1.1.tgz",
          "integrity": "sha1-HaJ+ZxAnGUdpXa9oSOhH8B2EuSA=",
          "requires": {
            "yallist": "^3.0.2"
          }
        },
        "normalize-path": {
          "version": "3.0.0",
          "resolved": "https://a0us.jfrog.io/a0us/api/npm/npm/normalize-path/-/normalize-path-3.0.0.tgz",
          "integrity": "sha1-Dc1p/yOhybEf0JeDFmRKA4ghamU="
        },
        "onigasm": {
          "version": "2.2.5",
          "resolved": "https://a0us.jfrog.io/a0us/api/npm/npm/onigasm/-/onigasm-2.2.5.tgz",
          "integrity": "sha1-zE0qeaD6C2TK7B9MfqNnWFpnaJI=",
          "requires": {
            "lru-cache": "^5.1.1"
          }
        },
        "picomatch": {
          "version": "2.2.2",
          "resolved": "https://a0us.jfrog.io/a0us/api/npm/npm/picomatch/-/picomatch-2.2.2.tgz",
          "integrity": "sha1-IfMz6ba46v8CRo9RRupAbTRfTa0="
        },
        "readdirp": {
          "version": "3.5.0",
          "resolved": "https://a0us.jfrog.io/a0us/api/npm/npm/readdirp/-/readdirp-3.5.0.tgz",
          "integrity": "sha1-m6dMAZsV02UnjS6Ru4xI17TULJ4=",
          "requires": {
            "picomatch": "^2.2.1"
          }
        },
        "to-regex-range": {
          "version": "5.0.1",
          "resolved": "https://a0us.jfrog.io/a0us/api/npm/npm/to-regex-range/-/to-regex-range-5.0.1.tgz",
          "integrity": "sha1-FkjESq58jZiKMmAY7XL1tN0DkuQ=",
          "requires": {
            "is-number": "^7.0.0"
          }
        },
        "vscode-textmate": {
          "version": "5.2.0",
          "resolved": "https://a0us.jfrog.io/a0us/api/npm/npm/vscode-textmate/-/vscode-textmate-5.2.0.tgz",
          "integrity": "sha1-AfAXYKOR6CIv5PM/vMvRrXGu104="
        },
        "yallist": {
          "version": "3.1.1",
          "resolved": "https://a0us.jfrog.io/a0us/api/npm/npm/yallist/-/yallist-3.1.1.tgz",
          "integrity": "sha1-27fa+b/YusmrRev2ArjLrQ1dCP0="
        }
      }
    },
    "object-assign": {
      "version": "4.1.1",
      "resolved": "https://a0us.jfrog.io/a0us/api/npm/npm/object-assign/-/object-assign-4.1.1.tgz",
      "integrity": "sha1-IQmtx5ZYh8/AXLvUQsrIv7s2CGM="
    },
    "react": {
      "version": "17.0.1",
      "resolved": "https://a0us.jfrog.io/a0us/api/npm/npm/react/-/react-17.0.1.tgz",
      "integrity": "sha1-bgYAQWvVdXTj+G2S7bo9kAhyYSc=",
      "requires": {
        "loose-envify": "^1.1.0",
        "object-assign": "^4.1.1"
      }
    },
    "react-dom": {
      "version": "17.0.1",
      "resolved": "https://a0us.jfrog.io/a0us/api/npm/npm/react-dom/-/react-dom-17.0.1.tgz",
      "integrity": "sha1-HeJWBHTsnw4zQoVmLt5S28VCb8Y=",
      "requires": {
        "loose-envify": "^1.1.0",
        "object-assign": "^4.1.1",
        "scheduler": "^0.20.1"
      }
    },
    "scheduler": {
      "version": "0.20.1",
      "resolved": "https://a0us.jfrog.io/a0us/api/npm/npm/scheduler/-/scheduler-0.20.1.tgz",
      "integrity": "sha1-2guQfiQCawEYHsvHXv3H8ntaAAw=",
      "requires": {
        "loose-envify": "^1.1.0",
        "object-assign": "^4.1.1"
      }
    }
  }
}
