{
  "name": "app",
  "version": "1.0.0",
  "lockfileVersion": 2,
  "requires": true,
  "packages": {
    "": {
      "name": "app",
      "version": "1.0.0",
      "license": "ISC",
      "dependencies": {
        "react": "^18.0.0",
        "react-dom": "^18.0.0"
      },
      "devDependencies": {
        "nostalgie": "file:../dist"
      }
    },
    "../dist": {
      "name": "nostalgie",
      "version": "0.77.3",
      "dev": true,
      "license": "MIT",
      "dependencies": {
        "esbuild": "^0.14.34",
        "esbuild-wasm": "^0.14.34",
        "react": "^18.0.0",
        "react-dom": "^18.0.0"
      },
      "devDependencies": {
        "@hapi/hapi": "^20.2.1",
        "@n1ru4l/push-pull-async-iterable-iterator": "^3.2.0",
        "@types/debug": "^4.1.5",
        "@types/hapi__hapi": "^20.0.10",
        "@types/jsesc": "^3.0.1",
        "@types/node": "^16.11.26",
        "@types/pino": "^6.3.4",
        "@types/react": "^18.0.1",
        "@types/react-dom": "^18.0.0",
        "@types/yargs": "^17.0.10",
        "@vitejs/plugin-react": "^1.3.0",
        "@wessberg/rollup-plugin-ts": "^1.3.8",
        "debug": "^4.3.1",
        "esbuild-register": "^3.3.2",
        "gh-release": "^5.0.0",
        "headers-utils": "^3.0.2",
        "jsdon": "^0.1.14",
        "jsesc": "^3.0.2",
        "kacl": "^1.0.0",
        "linkedom": "^0.14.5",
        "magic-string": "^0.26.1",
        "nodemon": "^2.0.7",
        "npm-run-all": "^4.1.5",
        "prettier": "^2.2.1",
        "react-refresh": "^0.12.0",
        "rollup": "^2.38.5",
        "rollup-plugin-dts": "^4.2.1",
        "runtypes": "^6.0.0",
        "ts-primitives": "^3.2.0",
        "twind": "^0.16.10",
        "typescript": "^4.6.3",
        "uvu": "^0.5.1",
        "vite": "^2.7.3",
        "yargs": "^17.4.1"
      },
      "engines": {
        "node": ">=12.13.0",
        "npm": ">7.5.0"
      }
    },
    "node_modules/js-tokens": {
      "version": "4.0.0",
      "resolved": "https://registry.npmjs.org/js-tokens/-/js-tokens-4.0.0.tgz",
      "integrity": "sha512-RdJUflcE3cUzKiMqQgsCu06FPu9UdIJO0beYbPhHN4k6apgJtifcoCtT9bcxOpYBtpD2kCM6Sbzg4CausW/PKQ=="
    },
    "node_modules/loose-envify": {
      "version": "1.4.0",
      "resolved": "https://registry.npmjs.org/loose-envify/-/loose-envify-1.4.0.tgz",
      "integrity": "sha512-lyuxPGr/Wfhrlem2CL/UcnUc1zcqKAImBDzukY7Y5F/yQiNdko6+fRLevlw1HgMySw7f611UIY408EtxRSoK3Q==",
      "dependencies": {
        "js-tokens": "^3.0.0 || ^4.0.0"
      },
      "bin": {
        "loose-envify": "cli.js"
      }
    },
    "node_modules/nostalgie": {
      "resolved": "../dist",
      "link": true
    },
    "node_modules/react": {
      "version": "18.0.0",
      "resolved": "https://registry.npmjs.org/react/-/react-18.0.0.tgz",
      "integrity": "sha512-x+VL6wbT4JRVPm7EGxXhZ8w8LTROaxPXOqhlGyVSrv0sB1jkyFGgXxJ8LVoPRLvPR6/CIZGFmfzqUa2NYeMr2A==",
      "dependencies": {
        "loose-envify": "^1.1.0"
      },
      "engines": {
        "node": ">=0.10.0"
      }
    },
    "node_modules/react-dom": {
      "version": "18.0.0",
      "resolved": "https://registry.npmjs.org/react-dom/-/react-dom-18.0.0.tgz",
      "integrity": "sha512-XqX7uzmFo0pUceWFCt7Gff6IyIMzFUn7QMZrbrQfGxtaxXZIcGQzoNpRLE3fQLnS4XzLLPMZX2T9TRcSrasicw==",
      "dependencies": {
        "loose-envify": "^1.1.0",
        "scheduler": "^0.21.0"
      },
      "peerDependencies": {
        "react": "^18.0.0"
      }
    },
    "node_modules/scheduler": {
      "version": "0.21.0",
      "resolved": "https://registry.npmjs.org/scheduler/-/scheduler-0.21.0.tgz",
      "integrity": "sha512-1r87x5fz9MXqswA2ERLo0EbOAU74DpIUO090gIasYTqlVoJeMcl+Z1Rg7WHz+qtPujhS/hGIt9kxZOYBV3faRQ==",
      "dependencies": {
        "loose-envify": "^1.1.0"
      }
    }
  },
  "dependencies": {
    "js-tokens": {
      "version": "4.0.0",
      "resolved": "https://registry.npmjs.org/js-tokens/-/js-tokens-4.0.0.tgz",
      "integrity": "sha512-RdJUflcE3cUzKiMqQgsCu06FPu9UdIJO0beYbPhHN4k6apgJtifcoCtT9bcxOpYBtpD2kCM6Sbzg4CausW/PKQ=="
    },
    "loose-envify": {
      "version": "1.4.0",
      "resolved": "https://registry.npmjs.org/loose-envify/-/loose-envify-1.4.0.tgz",
      "integrity": "sha512-lyuxPGr/Wfhrlem2CL/UcnUc1zcqKAImBDzukY7Y5F/yQiNdko6+fRLevlw1HgMySw7f611UIY408EtxRSoK3Q==",
      "requires": {
        "js-tokens": "^3.0.0 || ^4.0.0"
      }
    },
    "nostalgie": {
      "version": "file:../dist",
      "requires": {
        "@hapi/hapi": "^20.2.1",
        "@n1ru4l/push-pull-async-iterable-iterator": "^3.2.0",
        "@types/debug": "^4.1.5",
        "@types/hapi__hapi": "^20.0.10",
        "@types/jsesc": "^3.0.1",
        "@types/node": "^16.11.26",
        "@types/pino": "^6.3.4",
        "@types/react": "^18.0.1",
        "@types/react-dom": "^18.0.0",
        "@types/yargs": "^17.0.10",
        "@vitejs/plugin-react": "^1.3.0",
        "@wessberg/rollup-plugin-ts": "^1.3.8",
        "debug": "^4.3.1",
        "esbuild": "^0.14.34",
        "esbuild-register": "^3.3.2",
        "esbuild-wasm": "^0.14.34",
        "gh-release": "^5.0.0",
        "headers-utils": "^3.0.2",
        "jsdon": "^0.1.14",
        "jsesc": "^3.0.2",
        "kacl": "^1.0.0",
        "linkedom": "^0.14.5",
        "magic-string": "^0.26.1",
        "nodemon": "^2.0.7",
        "npm-run-all": "^4.1.5",
        "prettier": "^2.2.1",
        "react": "^18.0.0",
        "react-dom": "^18.0.0",
        "react-refresh": "^0.12.0",
        "rollup": "^2.38.5",
        "rollup-plugin-dts": "^4.2.1",
        "runtypes": "^6.0.0",
        "ts-primitives": "^3.2.0",
        "twind": "^0.16.10",
        "typescript": "^4.6.3",
        "uvu": "^0.5.1",
        "vite": "^2.7.3",
        "yargs": "^17.4.1"
      }
    },
    "react": {
      "version": "18.0.0",
      "resolved": "https://registry.npmjs.org/react/-/react-18.0.0.tgz",
      "integrity": "sha512-x+VL6wbT4JRVPm7EGxXhZ8w8LTROaxPXOqhlGyVSrv0sB1jkyFGgXxJ8LVoPRLvPR6/CIZGFmfzqUa2NYeMr2A==",
      "requires": {
        "loose-envify": "^1.1.0"
      }
    },
    "react-dom": {
      "version": "18.0.0",
      "resolved": "https://registry.npmjs.org/react-dom/-/react-dom-18.0.0.tgz",
      "integrity": "sha512-XqX7uzmFo0pUceWFCt7Gff6IyIMzFUn7QMZrbrQfGxtaxXZIcGQzoNpRLE3fQLnS4XzLLPMZX2T9TRcSrasicw==",
      "requires": {
        "loose-envify": "^1.1.0",
        "scheduler": "^0.21.0"
      }
    },
    "scheduler": {
      "version": "0.21.0",
      "resolved": "https://registry.npmjs.org/scheduler/-/scheduler-0.21.0.tgz",
      "integrity": "sha512-1r87x5fz9MXqswA2ERLo0EbOAU74DpIUO090gIasYTqlVoJeMcl+Z1Rg7WHz+qtPujhS/hGIt9kxZOYBV3faRQ==",
      "requires": {
        "loose-envify": "^1.1.0"
      }
    }
  }
}
